
Microsoft Visual Studio Solution File, Format Version 12.00
# Visual Studio 15
VisualStudioVersion = 15.0.28010.2046
MinimumVisualStudioVersion = 10.0.40219.1
Project("{2150E333-8FDC-42A3-9474-1A3956D46DE8}") = "2-Client", "2-Client", "{E44FFA1A-3F70-4356-B395-1871E3488683}"
EndProject
Project("{2150E333-8FDC-42A3-9474-1A3956D46DE8}") = "0-Common", "0-Common", "{16784E4C-DB69-4330-BBE8-2BEBAD1465F7}"
EndProject
Project("{2150E333-8FDC-42A3-9474-1A3956D46DE8}") = "1-Server", "1-Server", "{5F065C69-8610-4717-A4A8-C4A5363820E9}"
EndProject
Project("{FAE04EC0-301F-11D3-BF4B-00C04F79EFBC}") = "WJSite", "2-Client\WJSite\WJSite.csproj", "{8B5E0A1D-4D2F-4589-B938-B982C1F4E4E3}"
EndProject
Project("{FAE04EC0-301F-11D3-BF4B-00C04F79EFBC}") = "Common", "0-Common\Common\Common.csproj", "{A41A7E97-9413-469A-9B12-A139223DF6F5}"
EndProject
Project("{FAE04EC0-301F-11D3-BF4B-00C04F79EFBC}") = "Utils", "0-Common\Utils\Utils.csproj", "{F9B5BEF5-FF97-4863-B1CF-7A8091A314A5}"
EndProject
Project("{FAE04EC0-301F-11D3-BF4B-00C04F79EFBC}") = "WJEntities", "0-Common\WJEntities\WJEntities.csproj", "{15D4C057-8F94-4478-94C1-DAE9E10DF5BA}"
EndProject
Project("{FAE04EC0-301F-11D3-BF4B-00C04F79EFBC}") = "LibFiles", "0-Common\LibFiles\LibFiles.csproj", "{5B6657D8-17F7-4EF1-844C-AA8072366220}"
EndProject
Project("{2150E333-8FDC-42A3-9474-1A3956D46DE8}") = "3-TestProject", "3-TestProject", "{6252A57F-83D1-4DDD-A40D-06148B8E022E}"
EndProject
Project("{FAE04EC0-301F-11D3-BF4B-00C04F79EFBC}") = "TestMethod", "3-TestProject\TestMethod\TestMethod.csproj", "{60339AC5-EC3C-4EE6-AEC1-25AF56FA7FC0}"
EndProject
Global
	GlobalSection(SolutionConfigurationPlatforms) = preSolution
		Debug|Any CPU = Debug|Any CPU
		Release|Any CPU = Release|Any CPU
	EndGlobalSection
	GlobalSection(ProjectConfigurationPlatforms) = postSolution
		{8B5E0A1D-4D2F-4589-B938-B982C1F4E4E3}.Debug|Any CPU.ActiveCfg = Debug|Any CPU
		{8B5E0A1D-4D2F-4589-B938-B982C1F4E4E3}.Debug|Any CPU.Build.0 = Debug|Any CPU
		{8B5E0A1D-4D2F-4589-B938-B982C1F4E4E3}.Release|Any CPU.ActiveCfg = Release|Any CPU
		{8B5E0A1D-4D2F-4589-B938-B982C1F4E4E3}.Release|Any CPU.Build.0 = Release|Any CPU
		{A41A7E97-9413-469A-9B12-A139223DF6F5}.Debug|Any CPU.ActiveCfg = Debug|Any CPU
		{A41A7E97-9413-469A-9B12-A139223DF6F5}.Debug|Any CPU.Build.0 = Debug|Any CPU
		{A41A7E97-9413-469A-9B12-A139223DF6F5}.Release|Any CPU.ActiveCfg = Release|Any CPU
		{A41A7E97-9413-469A-9B12-A139223DF6F5}.Release|Any CPU.Build.0 = Release|Any CPU
		{F9B5BEF5-FF97-4863-B1CF-7A8091A314A5}.Debug|Any CPU.ActiveCfg = Debug|Any CPU
		{F9B5BEF5-FF97-4863-B1CF-7A8091A314A5}.Debug|Any CPU.Build.0 = Debug|Any CPU
		{F9B5BEF5-FF97-4863-B1CF-7A8091A314A5}.Release|Any CPU.ActiveCfg = Release|Any CPU
		{F9B5BEF5-FF97-4863-B1CF-7A8091A314A5}.Release|Any CPU.Build.0 = Release|Any CPU
		{15D4C057-8F94-4478-94C1-DAE9E10DF5BA}.Debug|Any CPU.ActiveCfg = Debug|Any CPU
		{15D4C057-8F94-4478-94C1-DAE9E10DF5BA}.Debug|Any CPU.Build.0 = Debug|Any CPU
		{15D4C057-8F94-4478-94C1-DAE9E10DF5BA}.Release|Any CPU.ActiveCfg = Release|Any CPU
		{15D4C057-8F94-4478-94C1-DAE9E10DF5BA}.Release|Any CPU.Build.0 = Release|Any CPU
		{5B6657D8-17F7-4EF1-844C-AA8072366220}.Debug|Any CPU.ActiveCfg = Debug|Any CPU
		{5B6657D8-17F7-4EF1-844C-AA8072366220}.Debug|Any CPU.Build.0 = Debug|Any CPU
		{5B6657D8-17F7-4EF1-844C-AA8072366220}.Release|Any CPU.ActiveCfg = Release|Any CPU
		{5B6657D8-17F7-4EF1-844C-AA8072366220}.Release|Any CPU.Build.0 = Release|Any CPU
		{60339AC5-EC3C-4EE6-AEC1-25AF56FA7FC0}.Debug|Any CPU.ActiveCfg = Debug|Any CPU
		{60339AC5-EC3C-4EE6-AEC1-25AF56FA7FC0}.Debug|Any CPU.Build.0 = Debug|Any CPU
		{60339AC5-EC3C-4EE6-AEC1-25AF56FA7FC0}.Release|Any CPU.ActiveCfg = Release|Any CPU
		{60339AC5-EC3C-4EE6-AEC1-25AF56FA7FC0}.Release|Any CPU.Build.0 = Release|Any CPU
	EndGlobalSection
	GlobalSection(SolutionProperties) = preSolution
		HideSolutionNode = FALSE
	EndGlobalSection
	GlobalSection(NestedProjects) = preSolution
		{8B5E0A1D-4D2F-4589-B938-B982C1F4E4E3} = {E44FFA1A-3F70-4356-B395-1871E3488683}
		{A41A7E97-9413-469A-9B12-A139223DF6F5} = {16784E4C-DB69-4330-BBE8-2BEBAD1465F7}
		{F9B5BEF5-FF97-4863-B1CF-7A8091A314A5} = {16784E4C-DB69-4330-BBE8-2BEBAD1465F7}
		{15D4C057-8F94-4478-94C1-DAE9E10DF5BA} = {16784E4C-DB69-4330-BBE8-2BEBAD1465F7}
		{5B6657D8-17F7-4EF1-844C-AA8072366220} = {16784E4C-DB69-4330-BBE8-2BEBAD1465F7}
		{60339AC5-EC3C-4EE6-AEC1-25AF56FA7FC0} = {6252A57F-83D1-4DDD-A40D-06148B8E022E}
	EndGlobalSection
	GlobalSection(ExtensibilityGlobals) = postSolution
		SolutionGuid = {D22DA0B2-9F93-4C26-886F-BC451D706AD3}
	EndGlobalSection
EndGlobal
